PODS:
  - DoneHUD (1.0.0)
  - DZNEmptyDataSet (1.8.1)
  - FLAnimatedImage (1.0.12)
  - IQAudioRecorderController (1.2.0):
    - SCSiriWaveformView
  - IQDropDownTextField (1.1.0)
  - Jukebox (0.2.1)
  - NYTPhotoViewer (1.2.0):
    - NYTPhotoViewer/AnimatedGifSupport (= 1.2.0)
    - NYTPhotoViewer/Core (= 1.2.0)
  - NYTPhotoViewer/AnimatedGifSupport (1.2.0):
    - FLAnimatedImage (~> 1.0.12)
    - NYTPhotoViewer/Core
  - NYTPhotoViewer/Core (1.2.0)
  - RichEditorView (3.2.0)
  - SCLAlertView (0.7.0)
  - SCSiriWaveformView (1.0.3)
  - SideMenu (2.2.0)

DEPENDENCIES:
  - DoneHUD
  - DZNEmptyDataSet
  - IQAudioRecorderController
  - IQDropDownTextField
  - Jukebox
  - NYTPhotoViewer
  - RichEditorView
  - SCLAlertView
  - SideMenu

SPEC CHECKSUMS:
  DoneHUD: e3717eefe0ed8a977153024400693e100a3bc0e9
  DZNEmptyDataSet: 9525833b9e68ac21c30253e1d3d7076cc828eaa7
  FLAnimatedImage: 4a0b56255d9b05f18b6dd7ee06871be5d3b89e31
  IQAudioRecorderController: 1d46d99330cb2c9381568665d123cf435460a43e
  IQDropDownTextField: 614f79ca905529c992045eaa112d0fc9ebb875d1
  Jukebox: 81db618ccd3a1cc9b154f4ae0f5c4b54638666dd
  NYTPhotoViewer: 323217e4590a1586eb3c9674b3fefb0fb8b57896
  RichEditorView: b4ee60a4f5301cbe8f3fcb1f065cdd7de74ddd10
  SCLAlertView: 8a14ffc40590c619e183eed2298b854385f30be1
  SCSiriWaveformView: b8b2756af42addcd31900c3945f24edafefb5395
  SideMenu: eeff6b85456c5c6e14165655691d2033f6b24969

PODFILE CHECKSUM: 074c9fe76421acf33c1b51347f745e2d412dc8d2

COCOAPODS: 1.2.0
