// !$*UTF8*$!
{
	archiveVersion = 1;
	classes = {
	};
	objectVersion = 46;
	objects = {

/* Begin PBXBuildFile section */
		098B014FD6C40F6E5F6B39D4 /* Pods_My_Backpack.framework in Frameworks */ = {isa = PBXBuildFile; fileRef = 7AE5005747BBC189E389D19E /* Pods_My_Backpack.framework */; };
		6504F2BA1E68901200A4F202 /* CoreDataManager.swift in Sources */ = {isa = PBXBuildFile; fileRef = 6504F2B91E68901200A4F202 /* CoreDataManager.swift */; };
		6504F2BD1E68945600A4F202 /* MyBackpack.xcdatamodeld in Sources */ = {isa = PBXBuildFile; fileRef = 6504F2BB1E68945600A4F202 /* MyBackpack.xcdatamodeld */; };
		6509C15F1E902D7700CA9AF6 /* FilterOptionsViewController.swift in Sources */ = {isa = PBXBuildFile; fileRef = 6509C15E1E902D7700CA9AF6 /* FilterOptionsViewController.swift */; };
		6509C1611E903E2D00CA9AF6 /* FilterViewController.swift in Sources */ = {isa = PBXBuildFile; fileRef = 6509C1601E903E2D00CA9AF6 /* FilterViewController.swift */; };
		650C74611E579AA1008E8590 /* TabBarCell.swift in Sources */ = {isa = PBXBuildFile; fileRef = 650C74601E579AA1008E8590 /* TabBarCell.swift */; };
		6511BEED1E53F3C90000F529 /* MenuController.swift in Sources */ = {isa = PBXBuildFile; fileRef = 6511BEEC1E53F3C90000F529 /* MenuController.swift */; };
		651551411EF030C7008D984D /* EditingCommands.swift in Sources */ = {isa = PBXBuildFile; fileRef = 6515513F1EF030C7008D984D /* EditingCommands.swift */; };
		651FDAC41E5275F300CB3D4B /* Main.storyboard in Resources */ = {isa = PBXBuildFile; fileRef = 651FDAC21E5275F300CB3D4B /* Main.storyboard */; };
		6520B2511E5B1787002C846D /* ContentTableViewController.swift in Sources */ = {isa = PBXBuildFile; fileRef = 6520B2501E5B1787002C846D /* ContentTableViewController.swift */; };
		6520B2531E5B7557002C846D /* ContentTableViewCell.swift in Sources */ = {isa = PBXBuildFile; fileRef = 6520B2521E5B7557002C846D /* ContentTableViewCell.swift */; };
		6522D4FE1E6A486D00A409A8 /* ContentFileManager.swift in Sources */ = {isa = PBXBuildFile; fileRef = 6522D4FD1E6A486D00A409A8 /* ContentFileManager.swift */; };
		6526944E1E6120EB008265E1 /* ContentType.swift in Sources */ = {isa = PBXBuildFile; fileRef = 6526944D1E6120EB008265E1 /* ContentType.swift */; };
		653E0BFF1E60C5F5000B0C98 /* AudioRecorderController.swift in Sources */ = {isa = PBXBuildFile; fileRef = 653E0BFE1E60C5F5000B0C98 /* AudioRecorderController.swift */; };
		6540D8FC1E9FC1E800B274CD /* CalendarViewController.swift in Sources */ = {isa = PBXBuildFile; fileRef = 6540D8FB1E9FC1E800B274CD /* CalendarViewController.swift */; };
		6540D8FF1EA00C5F00B274CD /* Reminder+CoreDataClass.swift in Sources */ = {isa = PBXBuildFile; fileRef = 6540D8FD1EA00C5F00B274CD /* Reminder+CoreDataClass.swift */; };
		6540D9001EA00C5F00B274CD /* Reminder+CoreDataProperties.swift in Sources */ = {isa = PBXBuildFile; fileRef = 6540D8FE1EA00C5F00B274CD /* Reminder+CoreDataProperties.swift */; };
		6540D9021EA016D600B274CD /* NewReminderViewController.swift in Sources */ = {isa = PBXBuildFile; fileRef = 6540D9011EA016D600B274CD /* NewReminderViewController.swift */; };
		6540D9041EA04BE600B274CD /* RemindersTableViewController.swift in Sources */ = {isa = PBXBuildFile; fileRef = 6540D9031EA04BE600B274CD /* RemindersTableViewController.swift */; };
		6544CB081E623C7300A83848 /* TakeNoteController.swift in Sources */ = {isa = PBXBuildFile; fileRef = 6544CB071E623C7300A83848 /* TakeNoteController.swift */; };
		654AA5E51E6A5EB1001128BA /* ContentPreviewer.swift in Sources */ = {isa = PBXBuildFile; fileRef = 654AA5E41E6A5EB1001128BA /* ContentPreviewer.swift */; };
		655202E91E577C22009966B9 /* NavigationTabBar.swift in Sources */ = {isa = PBXBuildFile; fileRef = 655202E81E577C22009966B9 /* NavigationTabBar.swift */; };
		6576D4EE1E4A8AEB0036176B /* AppDelegate.swift in Sources */ = {isa = PBXBuildFile; fileRef = 6576D4ED1E4A8AEB0036176B /* AppDelegate.swift */; };
		6576D4F01E4A8AEB0036176B /* PageViewController.swift in Sources */ = {isa = PBXBuildFile; fileRef = 6576D4EF1E4A8AEB0036176B /* PageViewController.swift */; };
		6576D4F81E4A8AEB0036176B /* Assets.xcassets in Resources */ = {isa = PBXBuildFile; fileRef = 6576D4F71E4A8AEB0036176B /* Assets.xcassets */; };
		658268941EB276C100C5577B /* UIViewExtentions.swift in Sources */ = {isa = PBXBuildFile; fileRef = 658268911EB276C100C5577B /* UIViewExtentions.swift */; };
		658268951EB276C100C5577B /* UserNotificationsManager.swift in Sources */ = {isa = PBXBuildFile; fileRef = 658268921EB276C100C5577B /* UserNotificationsManager.swift */; };
		659955781EA1AB170052526B /* RemindersViewController.swift in Sources */ = {isa = PBXBuildFile; fileRef = 659955771EA1AB170052526B /* RemindersViewController.swift */; };
		65B1D3301E6BA66C00D0658D /* PhotoInfo.swift in Sources */ = {isa = PBXBuildFile; fileRef = 65B1D32F1E6BA66C00D0658D /* PhotoInfo.swift */; };
		65B3AB4B1EB39F62002011C3 /* NoClassesViewController.swift in Sources */ = {isa = PBXBuildFile; fileRef = 65B3AB4A1EB39F62002011C3 /* NoClassesViewController.swift */; };
		65B75D651E7B521B00B7BAAC /* ContentDataSource.swift in Sources */ = {isa = PBXBuildFile; fileRef = 65B75D641E7B521B00B7BAAC /* ContentDataSource.swift */; };
		65BE1CB81E9C4AF100FD7430 /* Launch Screen.storyboard in Resources */ = {isa = PBXBuildFile; fileRef = 65BE1CB71E9C4AF100FD7430 /* Launch Screen.storyboard */; };
		65CADA5D1EA14AA3009D4F2B /* ReminderTableViewCell.swift in Sources */ = {isa = PBXBuildFile; fileRef = 65CADA5C1EA14AA3009D4F2B /* ReminderTableViewCell.swift */; };
		65CB223E1E8F262000C0C36B /* MainNavigationViewController.swift in Sources */ = {isa = PBXBuildFile; fileRef = 65CB223D1E8F262000C0C36B /* MainNavigationViewController.swift */; };
		65CCC3BE1EB25C7000F6202F /* OnboardingViewController.swift in Sources */ = {isa = PBXBuildFile; fileRef = 65CCC3BD1EB25C7000F6202F /* OnboardingViewController.swift */; };
		65D77EC01EAA96BC0086F04A /* RemidersFilterViewController.swift in Sources */ = {isa = PBXBuildFile; fileRef = 65D77EBF1EAA96BC0086F04A /* RemidersFilterViewController.swift */; };
		65D77EC21EAA97150086F04A /* ReminderFilterOptionsViewController.swift in Sources */ = {isa = PBXBuildFile; fileRef = 65D77EC11EAA97150086F04A /* ReminderFilterOptionsViewController.swift */; };
		65DC13651E5F126100F5D5B5 /* NewContentViewController.swift in Sources */ = {isa = PBXBuildFile; fileRef = 65DC13641E5F126100F5D5B5 /* NewContentViewController.swift */; };
		65DC13671E5F5EDB00F5D5B5 /* CameraContentController.swift in Sources */ = {isa = PBXBuildFile; fileRef = 65DC13661E5F5EDB00F5D5B5 /* CameraContentController.swift */; };
		65DC13691E5F72A700F5D5B5 /* SaveContentViewController.swift in Sources */ = {isa = PBXBuildFile; fileRef = 65DC13681E5F72A700F5D5B5 /* SaveContentViewController.swift */; };
		65E352BF1E7C34A8004BC038 /* ClassDay+CoreDataClass.swift in Sources */ = {isa = PBXBuildFile; fileRef = 65E352BD1E7C34A8004BC038 /* ClassDay+CoreDataClass.swift */; };
		65E352C01E7C34A8004BC038 /* ClassDay+CoreDataProperties.swift in Sources */ = {isa = PBXBuildFile; fileRef = 65E352BE1E7C34A8004BC038 /* ClassDay+CoreDataProperties.swift */; };
		65E352C21E7C41AF004BC038 /* NewClassViewController.swift in Sources */ = {isa = PBXBuildFile; fileRef = 65E352C11E7C41AF004BC038 /* NewClassViewController.swift */; };
		65E7E1FB1E7B1F2C002D07ED /* Lecture+CoreDataClass.swift in Sources */ = {isa = PBXBuildFile; fileRef = 65E7E1F71E7B1F2C002D07ED /* Lecture+CoreDataClass.swift */; };
		65E7E1FC1E7B1F2C002D07ED /* Lecture+CoreDataProperties.swift in Sources */ = {isa = PBXBuildFile; fileRef = 65E7E1F81E7B1F2C002D07ED /* Lecture+CoreDataProperties.swift */; };
		65E7E1FD1E7B1F2C002D07ED /* Class+CoreDataClass.swift in Sources */ = {isa = PBXBuildFile; fileRef = 65E7E1F91E7B1F2C002D07ED /* Class+CoreDataClass.swift */; };
		65E7E1FE1E7B1F2C002D07ED /* Class+CoreDataProperties.swift in Sources */ = {isa = PBXBuildFile; fileRef = 65E7E1FA1E7B1F2C002D07ED /* Class+CoreDataProperties.swift */; };
		65E7E2001E7B1FE1002D07ED /* SideMenuViewController.swift in Sources */ = {isa = PBXBuildFile; fileRef = 65E7E1FF1E7B1FE1002D07ED /* SideMenuViewController.swift */; };
		65F2CF261EBD019400BA804E /* PickerToolbar.swift in Sources */ = {isa = PBXBuildFile; fileRef = 65F2CF251EBD019400BA804E /* PickerToolbar.swift */; };
		65F2CF281EBD03E700BA804E /* PopUp.swift in Sources */ = {isa = PBXBuildFile; fileRef = 65F2CF271EBD03E700BA804E /* PopUp.swift */; };
		65F58E191E8AEC3600890FD3 /* ManageClassesViewController.swift in Sources */ = {isa = PBXBuildFile; fileRef = 65F58E181E8AEC3600890FD3 /* ManageClassesViewController.swift */; };
		65F82BC81E732DEC005A0A66 /* ContentPresenter.swift in Sources */ = {isa = PBXBuildFile; fileRef = 65F82BC71E732DEC005A0A66 /* ContentPresenter.swift */; };
		65F82BCA1E73442A005A0A66 /* MusicViewController.swift in Sources */ = {isa = PBXBuildFile; fileRef = 65F82BC91E73442A005A0A66 /* MusicViewController.swift */; };
		65FAA9AE1E689A11004FFB8E /* Content+CoreDataClass.swift in Sources */ = {isa = PBXBuildFile; fileRef = 65FAA9AC1E689A11004FFB8E /* Content+CoreDataClass.swift */; };
		65FAA9AF1E689A11004FFB8E /* Content+CoreDataProperties.swift in Sources */ = {isa = PBXBuildFile; fileRef = 65FAA9AD1E689A11004FFB8E /* Content+CoreDataProperties.swift */; };
		65FC1A861E8EC64A009197CA /* SearchController.swift in Sources */ = {isa = PBXBuildFile; fileRef = 65FC1A851E8EC64A009197CA /* SearchController.swift */; };
/* End PBXBuildFile section */

/* Begin PBXFileReference section */
		01FF2DCAFB1091E9E192E9E3 /* Pods-My Backpack.release.xcconfig */ = {isa = PBXFileReference; includeInIndex = 1; lastKnownFileType = text.xcconfig; name = "Pods-My Backpack.release.xcconfig"; path = "Pods/Target Support Files/Pods-My Backpack/Pods-My Backpack.release.xcconfig"; sourceTree = "<group>"; };
		6504F2B91E68901200A4F202 /* CoreDataManager.swift */ = {isa = PBXFileReference; fileEncoding = 4; lastKnownFileType = sourcecode.swift; path = CoreDataManager.swift; sourceTree = "<group>"; };
		6504F2BC1E68945600A4F202 /* MyBackpack.xcdatamodel */ = {isa = PBXFileReference; lastKnownFileType = wrapper.xcdatamodel; path = MyBackpack.xcdatamodel; sourceTree = "<group>"; };
		6509C15E1E902D7700CA9AF6 /* FilterOptionsViewController.swift */ = {isa = PBXFileReference; fileEncoding = 4; lastKnownFileType = sourcecode.swift; path = FilterOptionsViewController.swift; sourceTree = "<group>"; };
		6509C1601E903E2D00CA9AF6 /* FilterViewController.swift */ = {isa = PBXFileReference; fileEncoding = 4; lastKnownFileType = sourcecode.swift; path = FilterViewController.swift; sourceTree = "<group>"; };
		650C74601E579AA1008E8590 /* TabBarCell.swift */ = {isa = PBXFileReference; fileEncoding = 4; lastKnownFileType = sourcecode.swift; path = TabBarCell.swift; sourceTree = "<group>"; };
		6511BEEC1E53F3C90000F529 /* MenuController.swift */ = {isa = PBXFileReference; fileEncoding = 4; lastKnownFileType = sourcecode.swift; path = MenuController.swift; sourceTree = "<group>"; };
		6515513F1EF030C7008D984D /* EditingCommands.swift */ = {isa = PBXFileReference; fileEncoding = 4; lastKnownFileType = sourcecode.swift; path = EditingCommands.swift; sourceTree = "<group>"; };
		651FDAC31E5275F300CB3D4B /* Base */ = {isa = PBXFileReference; lastKnownFileType = file.storyboard; name = Base; path = Base.lproj/Main.storyboard; sourceTree = "<group>"; };
		6520B2501E5B1787002C846D /* ContentTableViewController.swift */ = {isa = PBXFileReference; fileEncoding = 4; lastKnownFileType = sourcecode.swift; path = ContentTableViewController.swift; sourceTree = "<group>"; };
		6520B2521E5B7557002C846D /* ContentTableViewCell.swift */ = {isa = PBXFileReference; fileEncoding = 4; lastKnownFileType = sourcecode.swift; path = ContentTableViewCell.swift; sourceTree = "<group>"; };
		6522D4FD1E6A486D00A409A8 /* ContentFileManager.swift */ = {isa = PBXFileReference; fileEncoding = 4; lastKnownFileType = sourcecode.swift; name = ContentFileManager.swift; path = MyBackpack/ContentFileManager.swift; sourceTree = "<group>"; };
		6526944D1E6120EB008265E1 /* ContentType.swift */ = {isa = PBXFileReference; fileEncoding = 4; lastKnownFileType = sourcecode.swift; name = ContentType.swift; path = MyBackpack/ContentType.swift; sourceTree = "<group>"; };
		653E0BFE1E60C5F5000B0C98 /* AudioRecorderController.swift */ = {isa = PBXFileReference; fileEncoding = 4; lastKnownFileType = sourcecode.swift; path = AudioRecorderController.swift; sourceTree = "<group>"; };
		653E0C001E60C81F000B0C98 /* Objective-C-Bridging-Headers.h */ = {isa = PBXFileReference; lastKnownFileType = sourcecode.c.h; path = "Objective-C-Bridging-Headers.h"; sourceTree = "<group>"; };
		6540D8FB1E9FC1E800B274CD /* CalendarViewController.swift */ = {isa = PBXFileReference; fileEncoding = 4; lastKnownFileType = sourcecode.swift; path = CalendarViewController.swift; sourceTree = "<group>"; };
		6540D8FD1EA00C5F00B274CD /* Reminder+CoreDataClass.swift */ = {isa = PBXFileReference; fileEncoding = 4; lastKnownFileType = sourcecode.swift; path = "Reminder+CoreDataClass.swift"; sourceTree = "<group>"; };
		6540D8FE1EA00C5F00B274CD /* Reminder+CoreDataProperties.swift */ = {isa = PBXFileReference; fileEncoding = 4; lastKnownFileType = sourcecode.swift; path = "Reminder+CoreDataProperties.swift"; sourceTree = "<group>"; };
		6540D9011EA016D600B274CD /* NewReminderViewController.swift */ = {isa = PBXFileReference; fileEncoding = 4; lastKnownFileType = sourcecode.swift; path = NewReminderViewController.swift; sourceTree = "<group>"; };
		6540D9031EA04BE600B274CD /* RemindersTableViewController.swift */ = {isa = PBXFileReference; fileEncoding = 4; lastKnownFileType = sourcecode.swift; path = RemindersTableViewController.swift; sourceTree = "<group>"; };
		6544CB071E623C7300A83848 /* TakeNoteController.swift */ = {isa = PBXFileReference; fileEncoding = 4; lastKnownFileType = sourcecode.swift; path = TakeNoteController.swift; sourceTree = "<group>"; wrapsLines = 1; };
		654AA5E41E6A5EB1001128BA /* ContentPreviewer.swift */ = {isa = PBXFileReference; fileEncoding = 4; lastKnownFileType = sourcecode.swift; name = ContentPreviewer.swift; path = MyBackpack/ContentPreviewer.swift; sourceTree = "<group>"; };
		655202E81E577C22009966B9 /* NavigationTabBar.swift */ = {isa = PBXFileReference; fileEncoding = 4; lastKnownFileType = sourcecode.swift; path = NavigationTabBar.swift; sourceTree = "<group>"; };
		6576D4EA1E4A8AEB0036176B /* My Backpack.app */ = {isa = PBXFileReference; explicitFileType = wrapper.application; includeInIndex = 0; path = "My Backpack.app"; sourceTree = BUILT_PRODUCTS_DIR; };
		6576D4ED1E4A8AEB0036176B /* AppDelegate.swift */ = {isa = PBXFileReference; lastKnownFileType = sourcecode.swift; path = AppDelegate.swift; sourceTree = "<group>"; };
		6576D4EF1E4A8AEB0036176B /* PageViewController.swift */ = {isa = PBXFileReference; lastKnownFileType = sourcecode.swift; path = PageViewController.swift; sourceTree = "<group>"; };
		6576D4F71E4A8AEB0036176B /* Assets.xcassets */ = {isa = PBXFileReference; lastKnownFileType = folder.assetcatalog; path = Assets.xcassets; sourceTree = "<group>"; };
		6576D4FC1E4A8AEB0036176B /* Info.plist */ = {isa = PBXFileReference; lastKnownFileType = text.plist.xml; path = Info.plist; sourceTree = "<group>"; };
		658268911EB276C100C5577B /* UIViewExtentions.swift */ = {isa = PBXFileReference; fileEncoding = 4; lastKnownFileType = sourcecode.swift; name = UIViewExtentions.swift; path = MyBackpack/UIViewExtentions.swift; sourceTree = "<group>"; };
		658268921EB276C100C5577B /* UserNotificationsManager.swift */ = {isa = PBXFileReference; fileEncoding = 4; lastKnownFileType = sourcecode.swift; name = UserNotificationsManager.swift; path = MyBackpack/UserNotificationsManager.swift; sourceTree = "<group>"; };
		659955771EA1AB170052526B /* RemindersViewController.swift */ = {isa = PBXFileReference; fileEncoding = 4; lastKnownFileType = sourcecode.swift; path = RemindersViewController.swift; sourceTree = "<group>"; };
		65B1D32F1E6BA66C00D0658D /* PhotoInfo.swift */ = {isa = PBXFileReference; fileEncoding = 4; lastKnownFileType = sourcecode.swift; name = PhotoInfo.swift; path = MyBackpack/PhotoInfo.swift; sourceTree = "<group>"; };
		65B3AB4A1EB39F62002011C3 /* NoClassesViewController.swift */ = {isa = PBXFileReference; fileEncoding = 4; lastKnownFileType = sourcecode.swift; path = NoClassesViewController.swift; sourceTree = "<group>"; };
		65B75D641E7B521B00B7BAAC /* ContentDataSource.swift */ = {isa = PBXFileReference; fileEncoding = 4; lastKnownFileType = sourcecode.swift; name = ContentDataSource.swift; path = MyBackpack/ContentDataSource.swift; sourceTree = "<group>"; };
		65BE1CB71E9C4AF100FD7430 /* Launch Screen.storyboard */ = {isa = PBXFileReference; fileEncoding = 4; lastKnownFileType = file.storyboard; path = "Launch Screen.storyboard"; sourceTree = "<group>"; };
		65CADA5C1EA14AA3009D4F2B /* ReminderTableViewCell.swift */ = {isa = PBXFileReference; fileEncoding = 4; lastKnownFileType = sourcecode.swift; path = ReminderTableViewCell.swift; sourceTree = "<group>"; };
		65CB223D1E8F262000C0C36B /* MainNavigationViewController.swift */ = {isa = PBXFileReference; fileEncoding = 4; lastKnownFileType = sourcecode.swift; path = MainNavigationViewController.swift; sourceTree = "<group>"; };
		65CCC3BD1EB25C7000F6202F /* OnboardingViewController.swift */ = {isa = PBXFileReference; fileEncoding = 4; lastKnownFileType = sourcecode.swift; path = OnboardingViewController.swift; sourceTree = "<group>"; };
		65D77EBF1EAA96BC0086F04A /* RemidersFilterViewController.swift */ = {isa = PBXFileReference; fileEncoding = 4; lastKnownFileType = sourcecode.swift; path = RemidersFilterViewController.swift; sourceTree = "<group>"; };
		65D77EC11EAA97150086F04A /* ReminderFilterOptionsViewController.swift */ = {isa = PBXFileReference; fileEncoding = 4; lastKnownFileType = sourcecode.swift; path = ReminderFilterOptionsViewController.swift; sourceTree = "<group>"; };
		65DC13641E5F126100F5D5B5 /* NewContentViewController.swift */ = {isa = PBXFileReference; fileEncoding = 4; lastKnownFileType = sourcecode.swift; path = NewContentViewController.swift; sourceTree = "<group>"; };
		65DC13661E5F5EDB00F5D5B5 /* CameraContentController.swift */ = {isa = PBXFileReference; fileEncoding = 4; lastKnownFileType = sourcecode.swift; path = CameraContentController.swift; sourceTree = "<group>"; };
		65DC13681E5F72A700F5D5B5 /* SaveContentViewController.swift */ = {isa = PBXFileReference; fileEncoding = 4; lastKnownFileType = sourcecode.swift; path = SaveContentViewController.swift; sourceTree = "<group>"; };
		65E352BD1E7C34A8004BC038 /* ClassDay+CoreDataClass.swift */ = {isa = PBXFileReference; fileEncoding = 4; lastKnownFileType = sourcecode.swift; path = "ClassDay+CoreDataClass.swift"; sourceTree = "<group>"; };
		65E352BE1E7C34A8004BC038 /* ClassDay+CoreDataProperties.swift */ = {isa = PBXFileReference; fileEncoding = 4; lastKnownFileType = sourcecode.swift; path = "ClassDay+CoreDataProperties.swift"; sourceTree = "<group>"; };
		65E352C11E7C41AF004BC038 /* NewClassViewController.swift */ = {isa = PBXFileReference; fileEncoding = 4; lastKnownFileType = sourcecode.swift; path = NewClassViewController.swift; sourceTree = "<group>"; };
		65E7E1F71E7B1F2C002D07ED /* Lecture+CoreDataClass.swift */ = {isa = PBXFileReference; fileEncoding = 4; lastKnownFileType = sourcecode.swift; path = "Lecture+CoreDataClass.swift"; sourceTree = "<group>"; };
		65E7E1F81E7B1F2C002D07ED /* Lecture+CoreDataProperties.swift */ = {isa = PBXFileReference; fileEncoding = 4; lastKnownFileType = sourcecode.swift; path = "Lecture+CoreDataProperties.swift"; sourceTree = "<group>"; };
		65E7E1F91E7B1F2C002D07ED /* Class+CoreDataClass.swift */ = {isa = PBXFileReference; fileEncoding = 4; lastKnownFileType = sourcecode.swift; path = "Class+CoreDataClass.swift"; sourceTree = "<group>"; };
		65E7E1FA1E7B1F2C002D07ED /* Class+CoreDataProperties.swift */ = {isa = PBXFileReference; fileEncoding = 4; lastKnownFileType = sourcecode.swift; path = "Class+CoreDataProperties.swift"; sourceTree = "<group>"; };
		65E7E1FF1E7B1FE1002D07ED /* SideMenuViewController.swift */ = {isa = PBXFileReference; fileEncoding = 4; lastKnownFileType = sourcecode.swift; path = SideMenuViewController.swift; sourceTree = "<group>"; };
		65F2CF251EBD019400BA804E /* PickerToolbar.swift */ = {isa = PBXFileReference; fileEncoding = 4; lastKnownFileType = sourcecode.swift; path = PickerToolbar.swift; sourceTree = "<group>"; };
		65F2CF271EBD03E700BA804E /* PopUp.swift */ = {isa = PBXFileReference; fileEncoding = 4; lastKnownFileType = sourcecode.swift; path = PopUp.swift; sourceTree = "<group>"; };
		65F58E181E8AEC3600890FD3 /* ManageClassesViewController.swift */ = {isa = PBXFileReference; fileEncoding = 4; lastKnownFileType = sourcecode.swift; path = ManageClassesViewController.swift; sourceTree = "<group>"; };
		65F82BC71E732DEC005A0A66 /* ContentPresenter.swift */ = {isa = PBXFileReference; fileEncoding = 4; lastKnownFileType = sourcecode.swift; name = ContentPresenter.swift; path = MyBackpack/ContentPresenter.swift; sourceTree = "<group>"; };
		65F82BC91E73442A005A0A66 /* MusicViewController.swift */ = {isa = PBXFileReference; fileEncoding = 4; lastKnownFileType = sourcecode.swift; path = MusicViewController.swift; sourceTree = "<group>"; };
		65FAA9AC1E689A11004FFB8E /* Content+CoreDataClass.swift */ = {isa = PBXFileReference; fileEncoding = 4; lastKnownFileType = sourcecode.swift; path = "Content+CoreDataClass.swift"; sourceTree = "<group>"; };
		65FAA9AD1E689A11004FFB8E /* Content+CoreDataProperties.swift */ = {isa = PBXFileReference; fileEncoding = 4; lastKnownFileType = sourcecode.swift; path = "Content+CoreDataProperties.swift"; sourceTree = "<group>"; };
		65FC1A851E8EC64A009197CA /* SearchController.swift */ = {isa = PBXFileReference; fileEncoding = 4; lastKnownFileType = sourcecode.swift; path = SearchController.swift; sourceTree = "<group>"; };
		79029CD0AABD628340E58694 /* Pods-My Backpack.debug.xcconfig */ = {isa = PBXFileReference; includeInIndex = 1; lastKnownFileType = text.xcconfig; name = "Pods-My Backpack.debug.xcconfig"; path = "Pods/Target Support Files/Pods-My Backpack/Pods-My Backpack.debug.xcconfig"; sourceTree = "<group>"; };
		7AE5005747BBC189E389D19E /* Pods_My_Backpack.framework */ = {isa = PBXFileReference; explicitFileType = wrapper.framework; includeInIndex = 0; path = Pods_My_Backpack.framework; sourceTree = BUILT_PRODUCTS_DIR; };
/* End PBXFileReference section */

/* Begin PBXFrameworksBuildPhase section */
		6576D4E71E4A8AEB0036176B /* Frameworks */ = {
			isa = PBXFrameworksBuildPhase;
			buildActionMask = 2147483647;
			files = (
				098B014FD6C40F6E5F6B39D4 /* Pods_My_Backpack.framework in Frameworks */,
			);
			runOnlyForDeploymentPostprocessing = 0;
		};
/* End PBXFrameworksBuildPhase section */

/* Begin PBXGroup section */
		0D8AA36D813F77F31CB452C0 /* Pods */ = {
			isa = PBXGroup;
			children = (
				79029CD0AABD628340E58694 /* Pods-My Backpack.debug.xcconfig */,
				01FF2DCAFB1091E9E192E9E3 /* Pods-My Backpack.release.xcconfig */,
			);
			name = Pods;
			sourceTree = "<group>";
		};
		25EB5186403EB6E6DAE5ED0F /* Frameworks */ = {
			isa = PBXGroup;
			children = (
				7AE5005747BBC189E389D19E /* Pods_My_Backpack.framework */,
			);
			name = Frameworks;
			sourceTree = "<group>";
		};
		651874BD1E9C1A6D001831C1 /* Model */ = {
			isa = PBXGroup;
			children = (
				658268911EB276C100C5577B /* UIViewExtentions.swift */,
				658268921EB276C100C5577B /* UserNotificationsManager.swift */,
				6522D4FD1E6A486D00A409A8 /* ContentFileManager.swift */,
				6526944D1E6120EB008265E1 /* ContentType.swift */,
				654AA5E41E6A5EB1001128BA /* ContentPreviewer.swift */,
				65B1D32F1E6BA66C00D0658D /* PhotoInfo.swift */,
				65F82BC71E732DEC005A0A66 /* ContentPresenter.swift */,
				65B75D641E7B521B00B7BAAC /* ContentDataSource.swift */,
			);
			name = Model;
			path = ..;
			sourceTree = "<group>";
		};
		6576D4E11E4A8AEB0036176B = {
			isa = PBXGroup;
			children = (
				6576D4EC1E4A8AEB0036176B /* MyBackpack */,
				6576D4EB1E4A8AEB0036176B /* Products */,
				0D8AA36D813F77F31CB452C0 /* Pods */,
				25EB5186403EB6E6DAE5ED0F /* Frameworks */,
			);
			sourceTree = "<group>";
		};
		6576D4EB1E4A8AEB0036176B /* Products */ = {
			isa = PBXGroup;
			children = (
				6576D4EA1E4A8AEB0036176B /* My Backpack.app */,
			);
			name = Products;
			sourceTree = "<group>";
		};
		6576D4EC1E4A8AEB0036176B /* MyBackpack */ = {
			isa = PBXGroup;
			children = (
				6576D4ED1E4A8AEB0036176B /* AppDelegate.swift */,
				651FDAC21E5275F300CB3D4B /* Main.storyboard */,
				65BE1CB71E9C4AF100FD7430 /* Launch Screen.storyboard */,
				6576D4FC1E4A8AEB0036176B /* Info.plist */,
				6576D4F71E4A8AEB0036176B /* Assets.xcassets */,
				653E0C001E60C81F000B0C98 /* Objective-C-Bridging-Headers.h */,
				651874BD1E9C1A6D001831C1 /* Model */,
				65A52D261E57B695008B998D /* Views */,
				65A52D271E57B6C7008B998D /* Controllers */,
				65A52D281E57B9B1008B998D /* Core Data */,
			);
			path = MyBackpack;
			sourceTree = "<group>";
		};
		65A52D261E57B695008B998D /* Views */ = {
			isa = PBXGroup;
			children = (
				655202E81E577C22009966B9 /* NavigationTabBar.swift */,
				650C74601E579AA1008E8590 /* TabBarCell.swift */,
				6520B2521E5B7557002C846D /* ContentTableViewCell.swift */,
				65CADA5C1EA14AA3009D4F2B /* ReminderTableViewCell.swift */,
				65F2CF251EBD019400BA804E /* PickerToolbar.swift */,
				65F2CF271EBD03E700BA804E /* PopUp.swift */,
			);
			name = Views;
			sourceTree = "<group>";
		};
		65A52D271E57B6C7008B998D /* Controllers */ = {
			isa = PBXGroup;
			children = (
				6515513F1EF030C7008D984D /* EditingCommands.swift */,
				65FC1A851E8EC64A009197CA /* SearchController.swift */,
				65CCC3BD1EB25C7000F6202F /* OnboardingViewController.swift */,
				65F82BC91E73442A005A0A66 /* MusicViewController.swift */,
				6511BEEC1E53F3C90000F529 /* MenuController.swift */,
				6576D4EF1E4A8AEB0036176B /* PageViewController.swift */,
				6520B2501E5B1787002C846D /* ContentTableViewController.swift */,
				65DC13641E5F126100F5D5B5 /* NewContentViewController.swift */,
				65DC13661E5F5EDB00F5D5B5 /* CameraContentController.swift */,
				65DC13681E5F72A700F5D5B5 /* SaveContentViewController.swift */,
				653E0BFE1E60C5F5000B0C98 /* AudioRecorderController.swift */,
				6544CB071E623C7300A83848 /* TakeNoteController.swift */,
				65E7E1FF1E7B1FE1002D07ED /* SideMenuViewController.swift */,
				65E352C11E7C41AF004BC038 /* NewClassViewController.swift */,
				65F58E181E8AEC3600890FD3 /* ManageClassesViewController.swift */,
				65CB223D1E8F262000C0C36B /* MainNavigationViewController.swift */,
				6509C15E1E902D7700CA9AF6 /* FilterOptionsViewController.swift */,
				6509C1601E903E2D00CA9AF6 /* FilterViewController.swift */,
				6540D8FB1E9FC1E800B274CD /* CalendarViewController.swift */,
				6540D9011EA016D600B274CD /* NewReminderViewController.swift */,
				6540D9031EA04BE600B274CD /* RemindersTableViewController.swift */,
				659955771EA1AB170052526B /* RemindersViewController.swift */,
				65D77EBF1EAA96BC0086F04A /* RemidersFilterViewController.swift */,
				65D77EC11EAA97150086F04A /* ReminderFilterOptionsViewController.swift */,
				65B3AB4A1EB39F62002011C3 /* NoClassesViewController.swift */,
			);
			name = Controllers;
			sourceTree = "<group>";
		};
		65A52D281E57B9B1008B998D /* Core Data */ = {
			isa = PBXGroup;
			children = (
				6540D8FD1EA00C5F00B274CD /* Reminder+CoreDataClass.swift */,
				6540D8FE1EA00C5F00B274CD /* Reminder+CoreDataProperties.swift */,
				65E352BD1E7C34A8004BC038 /* ClassDay+CoreDataClass.swift */,
				65E352BE1E7C34A8004BC038 /* ClassDay+CoreDataProperties.swift */,
				65E7E1F81E7B1F2C002D07ED /* Lecture+CoreDataProperties.swift */,
				65E7E1F91E7B1F2C002D07ED /* Class+CoreDataClass.swift */,
				65E7E1FA1E7B1F2C002D07ED /* Class+CoreDataProperties.swift */,
				65FAA9AC1E689A11004FFB8E /* Content+CoreDataClass.swift */,
				65E7E1F71E7B1F2C002D07ED /* Lecture+CoreDataClass.swift */,
				65FAA9AD1E689A11004FFB8E /* Content+CoreDataProperties.swift */,
				6504F2BB1E68945600A4F202 /* MyBackpack.xcdatamodeld */,
				6504F2B91E68901200A4F202 /* CoreDataManager.swift */,
			);
			name = "Core Data";
			sourceTree = "<group>";
		};
/* End PBXGroup section */

/* Begin PBXNativeTarget section */
		6576D4E91E4A8AEB0036176B /* My Backpack */ = {
			isa = PBXNativeTarget;
			buildConfigurationList = 6576D4FF1E4A8AEB0036176B /* Build configuration list for PBXNativeTarget "My Backpack" */;
			buildPhases = (
				CC0E8A325F93CF6EFD5DC68F /* [CP] Check Pods Manifest.lock */,
				6576D4E61E4A8AEB0036176B /* Sources */,
				6576D4E71E4A8AEB0036176B /* Frameworks */,
				6576D4E81E4A8AEB0036176B /* Resources */,
				A708CA60390F41C08D10C06D /* [CP] Embed Pods Frameworks */,
				2AB24045125CB406AEAE624A /* [CP] Copy Pods Resources */,
			);
			buildRules = (
			);
			dependencies = (
			);
			name = "My Backpack";
			productName = MyBackpack;
			productReference = 6576D4EA1E4A8AEB0036176B /* My Backpack.app */;
			productType = "com.apple.product-type.application";
		};
/* End PBXNativeTarget section */

/* Begin PBXProject section */
		6576D4E21E4A8AEB0036176B /* Project object */ = {
			isa = PBXProject;
			attributes = {
				LastSwiftUpdateCheck = 0820;
				LastUpgradeCheck = 0820;
				ORGANIZATIONNAME = "Sergiy Momot";
				TargetAttributes = {
					6576D4E91E4A8AEB0036176B = {
						CreatedOnToolsVersion = 8.2.1;
						DevelopmentTeam = 6UKDQC3S2K;
						ProvisioningStyle = Automatic;
					};
				};
			};
			buildConfigurationList = 6576D4E51E4A8AEB0036176B /* Build configuration list for PBXProject "My Backpack" */;
			compatibilityVersion = "Xcode 3.2";
			developmentRegion = English;
			hasScannedForEncodings = 0;
			knownRegions = (
				en,
				Base,
			);
			mainGroup = 6576D4E11E4A8AEB0036176B;
			productRefGroup = 6576D4EB1E4A8AEB0036176B /* Products */;
			projectDirPath = "";
			projectRoot = "";
			targets = (
				6576D4E91E4A8AEB0036176B /* My Backpack */,
			);
		};
/* End PBXProject section */

/* Begin PBXResourcesBuildPhase section */
		6576D4E81E4A8AEB0036176B /* Resources */ = {
			isa = PBXResourcesBuildPhase;
			buildActionMask = 2147483647;
			files = (
				65BE1CB81E9C4AF100FD7430 /* Launch Screen.storyboard in Resources */,
				651FDAC41E5275F300CB3D4B /* Main.storyboard in Resources */,
				6576D4F81E4A8AEB0036176B /* Assets.xcassets in Resources */,
			);
			runOnlyForDeploymentPostprocessing = 0;
		};
/* End PBXResourcesBuildPhase section */

/* Begin PBXShellScriptBuildPhase section */
		2AB24045125CB406AEAE624A /* [CP] Copy Pods Resources */ = {
			isa = PBXShellScriptBuildPhase;
			buildActionMask = 2147483647;
			files = (
			);
			inputPaths = (
			);
			name = "[CP] Copy Pods Resources";
			outputPaths = (
			);
			runOnlyForDeploymentPostprocessing = 0;
			shellPath = /bin/sh;
			shellScript = "\"${SRCROOT}/Pods/Target Support Files/Pods-My Backpack/Pods-My Backpack-resources.sh\"\n";
			showEnvVarsInLog = 0;
		};
		A708CA60390F41C08D10C06D /* [CP] Embed Pods Frameworks */ = {
			isa = PBXShellScriptBuildPhase;
			buildActionMask = 2147483647;
			files = (
			);
			inputPaths = (
			);
			name = "[CP] Embed Pods Frameworks";
			outputPaths = (
			);
			runOnlyForDeploymentPostprocessing = 0;
			shellPath = /bin/sh;
			shellScript = "\"${SRCROOT}/Pods/Target Support Files/Pods-My Backpack/Pods-My Backpack-frameworks.sh\"\n";
			showEnvVarsInLog = 0;
		};
		CC0E8A325F93CF6EFD5DC68F /* [CP] Check Pods Manifest.lock */ = {
			isa = PBXShellScriptBuildPhase;
			buildActionMask = 2147483647;
			files = (
			);
			inputPaths = (
			);
			name = "[CP] Check Pods Manifest.lock";
			outputPaths = (
			);
			runOnlyForDeploymentPostprocessing = 0;
			shellPath = /bin/sh;
			shellScript = "diff \"${PODS_ROOT}/../Podfile.lock\" \"${PODS_ROOT}/Manifest.lock\" > /dev/null\nif [ $? != 0 ] ; then\n    # print error to STDERR\n    echo \"error: The sandbox is not in sync with the Podfile.lock. Run 'pod install' or update your CocoaPods installation.\" >&2\n    exit 1\nfi\n";
			showEnvVarsInLog = 0;
		};
/* End PBXShellScriptBuildPhase section */

/* Begin PBXSourcesBuildPhase section */
		6576D4E61E4A8AEB0036176B /* Sources */ = {
			isa = PBXSourcesBuildPhase;
			buildActionMask = 2147483647;
			files = (
				6520B2511E5B1787002C846D /* ContentTableViewController.swift in Sources */,
				6511BEED1E53F3C90000F529 /* MenuController.swift in Sources */,
				658268951EB276C100C5577B /* UserNotificationsManager.swift in Sources */,
				653E0BFF1E60C5F5000B0C98 /* AudioRecorderController.swift in Sources */,
				6544CB081E623C7300A83848 /* TakeNoteController.swift in Sources */,
				65FC1A861E8EC64A009197CA /* SearchController.swift in Sources */,
				65F82BC81E732DEC005A0A66 /* ContentPresenter.swift in Sources */,
				65F58E191E8AEC3600890FD3 /* ManageClassesViewController.swift in Sources */,
				6576D4F01E4A8AEB0036176B /* PageViewController.swift in Sources */,
				65F2CF281EBD03E700BA804E /* PopUp.swift in Sources */,
				651551411EF030C7008D984D /* EditingCommands.swift in Sources */,
				65E7E1FD1E7B1F2C002D07ED /* Class+CoreDataClass.swift in Sources */,
				65B75D651E7B521B00B7BAAC /* ContentDataSource.swift in Sources */,
				6540D8FC1E9FC1E800B274CD /* CalendarViewController.swift in Sources */,
				65CB223E1E8F262000C0C36B /* MainNavigationViewController.swift in Sources */,
				65CADA5D1EA14AA3009D4F2B /* ReminderTableViewCell.swift in Sources */,
				65FAA9AE1E689A11004FFB8E /* Content+CoreDataClass.swift in Sources */,
				6504F2BA1E68901200A4F202 /* CoreDataManager.swift in Sources */,
				6504F2BD1E68945600A4F202 /* MyBackpack.xcdatamodeld in Sources */,
				6509C1611E903E2D00CA9AF6 /* FilterViewController.swift in Sources */,
				65F2CF261EBD019400BA804E /* PickerToolbar.swift in Sources */,
				6540D9041EA04BE600B274CD /* RemindersTableViewController.swift in Sources */,
				65D77EC21EAA97150086F04A /* ReminderFilterOptionsViewController.swift in Sources */,
				655202E91E577C22009966B9 /* NavigationTabBar.swift in Sources */,
				6522D4FE1E6A486D00A409A8 /* ContentFileManager.swift in Sources */,
				6540D9021EA016D600B274CD /* NewReminderViewController.swift in Sources */,
				65E352BF1E7C34A8004BC038 /* ClassDay+CoreDataClass.swift in Sources */,
				65E352C01E7C34A8004BC038 /* ClassDay+CoreDataProperties.swift in Sources */,
				65DC13671E5F5EDB00F5D5B5 /* CameraContentController.swift in Sources */,
				6540D8FF1EA00C5F00B274CD /* Reminder+CoreDataClass.swift in Sources */,
				65D77EC01EAA96BC0086F04A /* RemidersFilterViewController.swift in Sources */,
				65DC13651E5F126100F5D5B5 /* NewContentViewController.swift in Sources */,
				65B1D3301E6BA66C00D0658D /* PhotoInfo.swift in Sources */,
				65E352C21E7C41AF004BC038 /* NewClassViewController.swift in Sources */,
				659955781EA1AB170052526B /* RemindersViewController.swift in Sources */,
				65E7E1FC1E7B1F2C002D07ED /* Lecture+CoreDataProperties.swift in Sources */,
				65E7E1FE1E7B1F2C002D07ED /* Class+CoreDataProperties.swift in Sources */,
				654AA5E51E6A5EB1001128BA /* ContentPreviewer.swift in Sources */,
				65FAA9AF1E689A11004FFB8E /* Content+CoreDataProperties.swift in Sources */,
				6509C15F1E902D7700CA9AF6 /* FilterOptionsViewController.swift in Sources */,
				6576D4EE1E4A8AEB0036176B /* AppDelegate.swift in Sources */,
				65E7E1FB1E7B1F2C002D07ED /* Lecture+CoreDataClass.swift in Sources */,
				65B3AB4B1EB39F62002011C3 /* NoClassesViewController.swift in Sources */,
				65CCC3BE1EB25C7000F6202F /* OnboardingViewController.swift in Sources */,
				650C74611E579AA1008E8590 /* TabBarCell.swift in Sources */,
				65F82BCA1E73442A005A0A66 /* MusicViewController.swift in Sources */,
				6540D9001EA00C5F00B274CD /* Reminder+CoreDataProperties.swift in Sources */,
				658268941EB276C100C5577B /* UIViewExtentions.swift in Sources */,
				65DC13691E5F72A700F5D5B5 /* SaveContentViewController.swift in Sources */,
				6520B2531E5B7557002C846D /* ContentTableViewCell.swift in Sources */,
				65E7E2001E7B1FE1002D07ED /* SideMenuViewController.swift in Sources */,
				6526944E1E6120EB008265E1 /* ContentType.swift in Sources */,
			);
			runOnlyForDeploymentPostprocessing = 0;
		};
/* End PBXSourcesBuildPhase section */

/* Begin PBXVariantGroup section */
		651FDAC21E5275F300CB3D4B /* Main.storyboard */ = {
			isa = PBXVariantGroup;
			children = (
				651FDAC31E5275F300CB3D4B /* Base */,
			);
			name = Main.storyboard;
			sourceTree = "<group>";
		};
/* End PBXVariantGroup section */

/* Begin XCBuildConfiguration section */
		6576D4FD1E4A8AEB0036176B /* Debug */ = {
			isa = XCBuildConfiguration;
			buildSettings = {
				ALWAYS_SEARCH_USER_PATHS = NO;
				CLANG_ANALYZER_NONNULL = YES;
				CLANG_CXX_LANGUAGE_STANDARD = "gnu++0x";
				CLANG_CXX_LIBRARY = "libc++";
				CLANG_ENABLE_MODULES = YES;
				CLANG_ENABLE_OBJC_ARC = YES;
				CLANG_WARN_BOOL_CONVERSION = YES;
				CLANG_WARN_CONSTANT_CONVERSION = YES;
				CLANG_WARN_DIRECT_OBJC_ISA_USAGE = YES_ERROR;
				CLANG_WARN_DOCUMENTATION_COMMENTS = YES;
				CLANG_WARN_EMPTY_BODY = YES;
				CLANG_WARN_ENUM_CONVERSION = YES;
				CLANG_WARN_INFINITE_RECURSION = YES;
				CLANG_WARN_INT_CONVERSION = YES;
				CLANG_WARN_OBJC_ROOT_CLASS = YES_ERROR;
				CLANG_WARN_SUSPICIOUS_MOVE = YES;
				CLANG_WARN_UNREACHABLE_CODE = YES;
				CLANG_WARN__DUPLICATE_METHOD_MATCH = YES;
				"CODE_SIGN_IDENTITY[sdk=iphoneos*]" = "iPhone Developer";
				COPY_PHASE_STRIP = NO;
				DEBUG_INFORMATION_FORMAT = dwarf;
				ENABLE_STRICT_OBJC_MSGSEND = YES;
				ENABLE_TESTABILITY = YES;
				GCC_C_LANGUAGE_STANDARD = gnu99;
				GCC_DYNAMIC_NO_PIC = NO;
				GCC_NO_COMMON_BLOCKS = YES;
				GCC_OPTIMIZATION_LEVEL = 0;
				GCC_PREPROCESSOR_DEFINITIONS = (
					"DEBUG=1",
					"$(inherited)",
				);
				GCC_WARN_64_TO_32_BIT_CONVERSION = YES;
				GCC_WARN_ABOUT_RETURN_TYPE = YES_ERROR;
				GCC_WARN_UNDECLARED_SELECTOR = YES;
				GCC_WARN_UNINITIALIZED_AUTOS = YES_AGGRESSIVE;
				GCC_WARN_UNUSED_FUNCTION = YES;
				GCC_WARN_UNUSED_VARIABLE = YES;
				IPHONEOS_DEPLOYMENT_TARGET = 10.2;
				MTL_ENABLE_DEBUG_INFO = YES;
				ONLY_ACTIVE_ARCH = YES;
				SDKROOT = iphoneos;
				SWIFT_ACTIVE_COMPILATION_CONDITIONS = DEBUG;
				SWIFT_OPTIMIZATION_LEVEL = "-Onone";
			};
			name = Debug;
		};
		6576D4FE1E4A8AEB0036176B /* Release */ = {
			isa = XCBuildConfiguration;
			buildSettings = {
				ALWAYS_SEARCH_USER_PATHS = NO;
				CLANG_ANALYZER_NONNULL = YES;
				CLANG_CXX_LANGUAGE_STANDARD = "gnu++0x";
				CLANG_CXX_LIBRARY = "libc++";
				CLANG_ENABLE_MODULES = YES;
				CLANG_ENABLE_OBJC_ARC = YES;
				CLANG_WARN_BOOL_CONVERSION = YES;
				CLANG_WARN_CONSTANT_CONVERSION = YES;
				CLANG_WARN_DIRECT_OBJC_ISA_USAGE = YES_ERROR;
				CLANG_WARN_DOCUMENTATION_COMMENTS = YES;
				CLANG_WARN_EMPTY_BODY = YES;
				CLANG_WARN_ENUM_CONVERSION = YES;
				CLANG_WARN_INFINITE_RECURSION = YES;
				CLANG_WARN_INT_CONVERSION = YES;
				CLANG_WARN_OBJC_ROOT_CLASS = YES_ERROR;
				CLANG_WARN_SUSPICIOUS_MOVE = YES;
				CLANG_WARN_UNREACHABLE_CODE = YES;
				CLANG_WARN__DUPLICATE_METHOD_MATCH = YES;
				"CODE_SIGN_IDENTITY[sdk=iphoneos*]" = "iPhone Developer";
				COPY_PHASE_STRIP = NO;
				DEBUG_INFORMATION_FORMAT = "dwarf-with-dsym";
				ENABLE_NS_ASSERTIONS = NO;
				ENABLE_STRICT_OBJC_MSGSEND = YES;
				GCC_C_LANGUAGE_STANDARD = gnu99;
				GCC_NO_COMMON_BLOCKS = YES;
				GCC_WARN_64_TO_32_BIT_CONVERSION = YES;
				GCC_WARN_ABOUT_RETURN_TYPE = YES_ERROR;
				GCC_WARN_UNDECLARED_SELECTOR = YES;
				GCC_WARN_UNINITIALIZED_AUTOS = YES_AGGRESSIVE;
				GCC_WARN_UNUSED_FUNCTION = YES;
				GCC_WARN_UNUSED_VARIABLE = YES;
				IPHONEOS_DEPLOYMENT_TARGET = 10.2;
				MTL_ENABLE_DEBUG_INFO = NO;
				SDKROOT = iphoneos;
				SWIFT_OPTIMIZATION_LEVEL = "-Owholemodule";
				VALIDATE_PRODUCT = YES;
			};
			name = Release;
		};
		6576D5001E4A8AEB0036176B /* Debug */ = {
			isa = XCBuildConfiguration;
			baseConfigurationReference = 79029CD0AABD628340E58694 /* Pods-My Backpack.debug.xcconfig */;
			buildSettings = {
				ASSETCATALOG_COMPILER_APPICON_NAME = AppIcon;
				"CODE_SIGN_IDENTITY[sdk=iphoneos*]" = "iPhone Developer";
				DEVELOPMENT_TEAM = 6UKDQC3S2K;
				INFOPLIST_FILE = MyBackpack/Info.plist;
				LD_RUNPATH_SEARCH_PATHS = "$(inherited) @executable_path/Frameworks";
				PRODUCT_BUNDLE_IDENTIFIER = smomot.MyBackpack;
				PRODUCT_NAME = "$(TARGET_NAME)";
				PROVISIONING_PROFILE_SPECIFIER = "";
				SWIFT_OBJC_BRIDGING_HEADER = "$(PROJECT_DIR)/MyBackpack/Objective-C-Bridging-Headers.h";
				SWIFT_VERSION = 3.0;
				USER_HEADER_SEARCH_PATHS = "$(PROJECT_DIR)";
			};
			name = Debug;
		};
		6576D5011E4A8AEB0036176B /* Release */ = {
			isa = XCBuildConfiguration;
			baseConfigurationReference = 01FF2DCAFB1091E9E192E9E3 /* Pods-My Backpack.release.xcconfig */;
			buildSettings = {
				ASSETCATALOG_COMPILER_APPICON_NAME = AppIcon;
				"CODE_SIGN_IDENTITY[sdk=iphoneos*]" = "iPhone Developer";
				DEVELOPMENT_TEAM = 6UKDQC3S2K;
				INFOPLIST_FILE = MyBackpack/Info.plist;
				LD_RUNPATH_SEARCH_PATHS = "$(inherited) @executable_path/Frameworks";
				PRODUCT_BUNDLE_IDENTIFIER = smomot.MyBackpack;
				PRODUCT_NAME = "$(TARGET_NAME)";
				PROVISIONING_PROFILE_SPECIFIER = "";
				SWIFT_OBJC_BRIDGING_HEADER = "$(PROJECT_DIR)/MyBackpack/Objective-C-Bridging-Headers.h";
				SWIFT_VERSION = 3.0;
				USER_HEADER_SEARCH_PATHS = "$(PROJECT_DIR)";
			};
			name = Release;
		};
/* End XCBuildConfiguration section */

/* Begin XCConfigurationList section */
		6576D4E51E4A8AEB0036176B /* Build configuration list for PBXProject "My Backpack" */ = {
			isa = XCConfigurationList;
			buildConfigurations = (
				6576D4FD1E4A8AEB0036176B /* Debug */,
				6576D4FE1E4A8AEB0036176B /* Release */,
			);
			defaultConfigurationIsVisible = 0;
			defaultConfigurationName = Release;
		};
		6576D4FF1E4A8AEB0036176B /* Build configuration list for PBXNativeTarget "My Backpack" */ = {
			isa = XCConfigurationList;
			buildConfigurations = (
				6576D5001E4A8AEB0036176B /* Debug */,
				6576D5011E4A8AEB0036176B /* Release */,
			);
			defaultConfigurationIsVisible = 0;
			defaultConfigurationName = Release;
		};
/* End XCConfigurationList section */

/* Begin XCVersionGroup section */
		6504F2BB1E68945600A4F202 /* MyBackpack.xcdatamodeld */ = {
			isa = XCVersionGroup;
			children = (
				6504F2BC1E68945600A4F202 /* MyBackpack.xcdatamodel */,
			);
			currentVersion = 6504F2BC1E68945600A4F202 /* MyBackpack.xcdatamodel */;
			path = MyBackpack.xcdatamodeld;
			sourceTree = "<group>";
			versionGroupType = wrapper.xcdatamodel;
		};
/* End XCVersionGroup section */
	};
	rootObject = 6576D4E21E4A8AEB0036176B /* Project object */;
}
